Microsoft Visual Studio Solution File, Format Version 12.00
# Visual Studio Version 17
VisualStudioVersion = 17.5.2.0
MinimumVisualStudioVersion = 10.0.40219.1
Project("{FAE04EC0-301F-11D3-BF4B-00C04F79EFBC}") = "FreeScheduler", "FreeScheduler.csproj", "{97BE478D-3FB7-4C57-6ABA-1117804F048F}"
EndProject
Global
	GlobalSection(SolutionConfigurationPlatforms) = preSolution
		Debug|Any CPU = Debug|Any CPU
		Release|Any CPU = Release|Any CPU
	EndGlobalSection
	GlobalSection(ProjectConfigurationPlatforms) = postSolution
		{97BE478D-3FB7-4C57-6ABA-1117804F048F}.Debug|Any CPU.ActiveCfg = Debug|Any CPU
		{97BE478D-3FB7-4C57-6ABA-1117804F048F}.Debug|Any CPU.Build.0 = Debug|Any CPU
		{97BE478D-3FB7-4C57-6ABA-1117804F048F}.Release|Any CPU.ActiveCfg = Release|Any CPU
		{97BE478D-3FB7-4C57-6ABA-1117804F048F}.Release|Any CPU.Build.0 = Release|Any CPU
	EndGlobalSection
	GlobalSection(SolutionProperties) = preSolution
		HideSolutionNode = FALSE
	EndGlobalSection
	GlobalSection(ExtensibilityGlobals) = postSolution
		SolutionGuid = {09467B25-1FCB-45F3-9CFE-7CAA050AE79F}
	EndGlobalSection
EndGlobal
